<?xml version="1.0" encoding="utf-8"?>
<Project ToolsVersion="4.0" xmlns="http://schemas.microsoft.com/developer/msbuild/2003">
  <ItemGroup>
    <Filter Include="Engine">
      <UniqueIdentifier>{029e481d-a349-414d-8ab4-5d625aee7140}</UniqueIdentifier>
    </Filter>
    <Filter Include="Game">
      <UniqueIdentifier>{441702e7-464c-4436-8b65-1eeccb71892b}</UniqueIdentifier>
    </Filter>
    <Filter Include="Game\GameStates">
      <UniqueIdentifier>{0fc2ef2e-d98c-4889-a1c2-72ec1c09f16d}</UniqueIdentifier>
    </Filter>
    <Filter Include="Engine\GameObjects">
      <UniqueIdentifier>{c4739de4-eb5c-45cd-b7f4-479effadb17a}</UniqueIdentifier>
    </Filter>
    <Filter Include="Engine\GameObjects\Graphics">
      <UniqueIdentifier>{b4f05833-7b58-4457-94c2-d951b07921d6}</UniqueIdentifier>
    </Filter>
    <Filter Include="Engine\GameObjects\Behavior">
      <UniqueIdentifier>{af664532-2926-44e6-ae64-768b8da3d6ad}</UniqueIdentifier>
    </Filter>
    <Filter Include="Engine\GameObjects\Physics">
      <UniqueIdentifier>{892b6a25-f9ad-4441-bbb6-a2437b22a291}</UniqueIdentifier>
    </Filter>
    <Filter Include="Engine\GameObjects\Collision">
      <UniqueIdentifier>{32af3c9f-cd61-407f-a3d5-3b59f3df1fbb}</UniqueIdentifier>
    </Filter>
    <Filter Include="Game\Behaviors">
      <UniqueIdentifier>{d4e16b9b-bc72-45fd-90dd-c7e4bf196b59}</UniqueIdentifier>
    </Filter>
  </ItemGroup>
  <ItemGroup>
    <ClCompile Include="Source\GameStateStub.c">
      <Filter>Game\GameStates</Filter>
    </ClCompile>
    <ClCompile Include="Source\GameStateManager.c">
      <Filter>Engine</Filter>
    </ClCompile>
    <ClCompile Include="Source\stdafx.c">
      <Filter>Engine</Filter>
    </ClCompile>
    <ClCompile Include="Source\Stub.c" />
    <ClCompile Include="Source\Engine.c">
      <Filter>Engine</Filter>
    </ClCompile>
    <ClCompile Include="Source\GameStateTable.c">
      <Filter>Game\GameStates</Filter>
    </ClCompile>
    <ClCompile Include="Source\Main.c" />
    <ClCompile Include="Source\Trace.c">
      <Filter>Engine</Filter>
    </ClCompile>
    <ClCompile Include="Source\System.c">
      <Filter>Engine</Filter>
    </ClCompile>
    <ClCompile Include="Source\GameStateLevel1.c">
      <Filter>Game\GameStates</Filter>
    </ClCompile>
    <ClCompile Include="Source\GameStateLevel2.c">
      <Filter>Game\GameStates</Filter>
    </ClCompile>
    <ClCompile Include="Source\Animation.c">
      <Filter>Engine\GameObjects\Graphics</Filter>
    </ClCompile>
    <ClCompile Include="Source\AnimationSequence.c">
      <Filter>Engine\GameObjects\Graphics</Filter>
    </ClCompile>
    <ClCompile Include="Source\Mesh.c">
      <Filter>Engine\GameObjects\Graphics</Filter>
    </ClCompile>
    <ClCompile Include="Source\Sprite.c">
      <Filter>Engine\GameObjects\Graphics</Filter>
    </ClCompile>
    <ClCompile Include="Source\SpriteSource.c">
      <Filter>Engine\GameObjects\Graphics</Filter>
    </ClCompile>
    <ClCompile Include="Source\Physics.c">
      <Filter>Engine\GameObjects\Physics</Filter>
    </ClCompile>
    <ClCompile Include="Source\GameObject.c">
      <Filter>Engine\GameObjects</Filter>
    </ClCompile>
    <ClCompile Include="Source\GameObject.c">
      <Filter>Engine</Filter>
    </ClCompile>
    <ClCompile Include="Source\Vector2D.c">
      <Filter>Engine</Filter>
    </ClCompile>
    <ClCompile Include="Source\Matrix2D.c">
      <Filter>Engine</Filter>
    </ClCompile>
    <ClCompile Include="Source\GameObjectFactory.c">
      <Filter>Engine\GameObjects</Filter>
    </ClCompile>
    <ClCompile Include="Source\Behavior.c">
      <Filter>Engine\GameObjects\Behavior</Filter>
    </ClCompile>
    <ClCompile Include="Source\Collision.c">
      <Filter>Engine\GameObjects\Collision</Filter>
    </ClCompile>
    <ClCompile Include="Source\BehaviorBullet.c">
      <Filter>Game\Behaviors</Filter>
    </ClCompile>
    <ClCompile Include="Source\BehaviorPlayer.c">
      <Filter>Game\Behaviors</Filter>
    </ClCompile>
    <ClCompile Include="Source\GameObjectManager.c">
      <Filter>Engine\GameObjects</Filter>
    </ClCompile>
    <ClCompile Include="Source\Matrix2D.c" />
    <ClCompile Include="Source\Vector2D.c" />
    <ClCompile Include="Source\GameStateGameOver.c">
      <Filter>Game\GameStates</Filter>
    </ClCompile>
    <ClCompile Include="Source\GameStateGameWin.c">
      <Filter>Game\GameStates</Filter>
    </ClCompile>
  </ItemGroup>
  <ItemGroup>
    <ClInclude Include="Source\GameStateStub.h">
      <Filter>Game\GameStates</Filter>
    </ClInclude>
    <ClInclude Include="Source\GameStateManager.h">
      <Filter>Engine</Filter>
    </ClInclude>
    <ClInclude Include="Source\stdafx.h">
      <Filter>Engine</Filter>
    </ClInclude>
    <ClInclude Include="Source\targetver.h">
      <Filter>Engine</Filter>
    </ClInclude>
    <ClInclude Include="Source\Stub.h" />
    <ClInclude Include="Source\Engine.h">
      <Filter>Engine</Filter>
    </ClInclude>
    <ClInclude Include="Source\GameStateTable.h">
      <Filter>Game\GameStates</Filter>
    </ClInclude>
    <ClInclude Include="Source\Trace.h">
      <Filter>Engine</Filter>
    </ClInclude>
    <ClInclude Include="Source\System.h">
      <Filter>Engine</Filter>
    </ClInclude>
    <ClInclude Include="Source\AnimationFrame.h">
      <Filter>Engine\GameObjects\Graphics</Filter>
    </ClInclude>
    <ClInclude Include="Source\AnimationSequence.h">
      <Filter>Engine\GameObjects\Graphics</Filter>
    </ClInclude>
    <ClInclude Include="Source\Animation.h">
      <Filter>Engine\GameObjects\Graphics</Filter>
    </ClInclude>
    <ClInclude Include="Source\Sprite.h">
      <Filter>Engine\GameObjects\Graphics</Filter>
    </ClInclude>
    <ClInclude Include="Source\SpriteSource.h">
      <Filter>Engine\GameObjects\Graphics</Filter>
    </ClInclude>
    <ClInclude Include="Source\Mesh.h">
      <Filter>Engine\GameObjects\Graphics</Filter>
    </ClInclude>
    <ClInclude Include="Source\GameStateLevel1.h">
      <Filter>Game\GameStates</Filter>
    </ClInclude>
    <ClInclude Include="Source\GameStateLevel2.h">
      <Filter>Game\GameStates</Filter>
    </ClInclude>
    <ClInclude Include="Source\Physics.h">
      <Filter>Engine\GameObjects\Physics</Filter>
    </ClInclude>
    <ClInclude Include="Source\GameObject.h">
      <Filter>Engine\GameObjects</Filter>
    </ClInclude>
    <ClInclude Include="Source\GameObject.h">
      <Filter>Engine</Filter>
    </ClInclude>
    <ClInclude Include="Source\Vector2D.h">
      <Filter>Engine</Filter>
    </ClInclude>
    <ClInclude Include="Source\Matrix2D.h">
      <Filter>Engine</Filter>
    </ClInclude>
    <ClInclude Include="Source\GameObjectFactory.h">
      <Filter>Engine\GameObjects</Filter>
    </ClInclude>
    <ClInclude Include="Source\Behavior.h">
      <Filter>Engine\GameObjects\Behavior</Filter>
    </ClInclude>
    <ClInclude Include="Source\Collision.h">
      <Filter>Engine\GameObjects\Collision</Filter>
    </ClInclude>
    <ClInclude Include="Source\BehaviorBullet.h">
      <Filter>Game\Behaviors</Filter>
    </ClInclude>
    <ClInclude Include="Source\BehaviorPlayer.h">
      <Filter>Game\Behaviors</Filter>
    </ClInclude>
    <ClInclude Include="Source\GameObjectManager.h">
      <Filter>Engine\GameObjects</Filter>
    </ClInclude>
    <ClInclude Include="Source\Matrix2D.h" />
    <ClInclude Include="Source\Vector2D.h" />
    <ClInclude Include="Source\GameStateGameOver.h">
      <Filter>Game\GameStates</Filter>
    </ClInclude>
    <ClInclude Include="Source\GameStateGameWin.h">
      <Filter>Game\GameStates</Filter>
    </ClInclude>
  </ItemGroup>
</Project>